
Microsoft Visual Studio Solution File, Format Version 12.00
# Visual Studio Version 17
VisualStudioVersion = 17.4.33205.214
MinimumVisualStudioVersion = 10.0.40219.1
Project("{FAE04EC0-301F-11D3-BF4B-00C04F79EFBC}") = "TeknikMarket.CoreMVCUI", "TeknikMarket.CoreMVCUI\TeknikMarket.CoreMVCUI.csproj", "{455ECCB6-1E1C-4DCF-8174-55CE7F13EC62}"
EndProject
Project("{FAE04EC0-301F-11D3-BF4B-00C04F79EFBC}") = "Core", "Core\Core.csproj", "{AEB3A490-3CF4-4021-B0F4-2A7181841014}"
EndProject
Project("{FAE04EC0-301F-11D3-BF4B-00C04F79EFBC}") = "TeknikMarket.Business", "TeknikMarket.Business\TeknikMarket.Business.csproj", "{F9AC0435-C9D8-4DF4-A1D6-D2A77AD37E71}"
EndProject
Project("{FAE04EC0-301F-11D3-BF4B-00C04F79EFBC}") = "TeknikMarket.DataAccess", "TeknikMarket.DataAccess\TeknikMarket.DataAccess.csproj", "{16864622-20EB-4378-8CB5-1EF363E645B9}"
EndProject
Project("{FAE04EC0-301F-11D3-BF4B-00C04F79EFBC}") = "TeknikMarket.Model", "TeknikMarket.Model\TeknikMarket.Model.csproj", "{B7B38C8B-F9D6-4AC3-869D-510F876501CB}"
EndProject
Global
	GlobalSection(SolutionConfigurationPlatforms) = preSolution
		Debug|Any CPU = Debug|Any CPU
		Release|Any CPU = Release|Any CPU
	EndGlobalSection
	GlobalSection(ProjectConfigurationPlatforms) = postSolution
		{455ECCB6-1E1C-4DCF-8174-55CE7F13EC62}.Debug|Any CPU.ActiveCfg = Debug|Any CPU
		{455ECCB6-1E1C-4DCF-8174-55CE7F13EC62}.Debug|Any CPU.Build.0 = Debug|Any CPU
		{455ECCB6-1E1C-4DCF-8174-55CE7F13EC62}.Release|Any CPU.ActiveCfg = Release|Any CPU
		{455ECCB6-1E1C-4DCF-8174-55CE7F13EC62}.Release|Any CPU.Build.0 = Release|Any CPU
		{AEB3A490-3CF4-4021-B0F4-2A7181841014}.Debug|Any CPU.ActiveCfg = Debug|Any CPU
		{AEB3A490-3CF4-4021-B0F4-2A7181841014}.Debug|Any CPU.Build.0 = Debug|Any CPU
		{AEB3A490-3CF4-4021-B0F4-2A7181841014}.Release|Any CPU.ActiveCfg = Release|Any CPU
		{AEB3A490-3CF4-4021-B0F4-2A7181841014}.Release|Any CPU.Build.0 = Release|Any CPU
		{F9AC0435-C9D8-4DF4-A1D6-D2A77AD37E71}.Debug|Any CPU.ActiveCfg = Debug|Any CPU
		{F9AC0435-C9D8-4DF4-A1D6-D2A77AD37E71}.Debug|Any CPU.Build.0 = Debug|Any CPU
		{F9AC0435-C9D8-4DF4-A1D6-D2A77AD37E71}.Release|Any CPU.ActiveCfg = Release|Any CPU
		{F9AC0435-C9D8-4DF4-A1D6-D2A77AD37E71}.Release|Any CPU.Build.0 = Release|Any CPU
		{16864622-20EB-4378-8CB5-1EF363E645B9}.Debug|Any CPU.ActiveCfg = Debug|Any CPU
		{16864622-20EB-4378-8CB5-1EF363E645B9}.Debug|Any CPU.Build.0 = Debug|Any CPU
		{16864622-20EB-4378-8CB5-1EF363E645B9}.Release|Any CPU.ActiveCfg = Release|Any CPU
		{16864622-20EB-4378-8CB5-1EF363E645B9}.Release|Any CPU.Build.0 = Release|Any CPU
		{B7B38C8B-F9D6-4AC3-869D-510F876501CB}.Debug|Any CPU.ActiveCfg = Debug|Any CPU
		{B7B38C8B-F9D6-4AC3-869D-510F876501CB}.Debug|Any CPU.Build.0 = Debug|Any CPU
		{B7B38C8B-F9D6-4AC3-869D-510F876501CB}.Release|Any CPU.ActiveCfg = Release|Any CPU
		{B7B38C8B-F9D6-4AC3-869D-510F876501CB}.Release|Any CPU.Build.0 = Release|Any CPU
	EndGlobalSection
	GlobalSection(SolutionProperties) = preSolution
		HideSolutionNode = FALSE
	EndGlobalSection
	GlobalSection(ExtensibilityGlobals) = postSolution
		SolutionGuid = {BE67331D-57F1-4DA3-9C9B-CFD81CD32387}
	EndGlobalSection
EndGlobal
